
Microsoft Visual Studio Solution File, Format Version 12.00
# Visual Studio Version 17
VisualStudioVersion = 17.10.35013.160
MinimumVisualStudioVersion = 10.0.40219.1
Project("{FAE04EC0-301F-11D3-BF4B-00C04F79EFBC}") = "ExMerge", "ExMerge\ExMerge.csproj", "{26A83FB9-CB77-414E-9240-77E7F093F4DC}"
EndProject
Project("{54435603-DBB4-11D2-8724-00A0C9A8B90C}") = "ExMergeInstaller", "ExMergeInstaller\ExMergeInstaller.vdproj", "{49077957-3A5D-4722-BAAB-212C8EFF4635}"
EndProject
Global
	GlobalSection(SolutionConfigurationPlatforms) = preSolution
		Debug|Any CPU = Debug|Any CPU
		Release|Any CPU = Release|Any CPU
	EndGlobalSection
	GlobalSection(ProjectConfigurationPlatforms) = postSolution
		{26A83FB9-CB77-414E-9240-77E7F093F4DC}.Debug|Any CPU.ActiveCfg = Debug|Any CPU
		{26A83FB9-CB77-414E-9240-77E7F093F4DC}.Debug|Any CPU.Build.0 = Debug|Any CPU
		{26A83FB9-CB77-414E-9240-77E7F093F4DC}.Release|Any CPU.ActiveCfg = Release|Any CPU
		{26A83FB9-CB77-414E-9240-77E7F093F4DC}.Release|Any CPU.Build.0 = Release|Any CPU
		{49077957-3A5D-4722-BAAB-212C8EFF4635}.Debug|Any CPU.ActiveCfg = Debug
		{49077957-3A5D-4722-BAAB-212C8EFF4635}.Debug|Any CPU.Build.0 = Debug
		{49077957-3A5D-4722-BAAB-212C8EFF4635}.Release|Any CPU.ActiveCfg = Release
		{49077957-3A5D-4722-BAAB-212C8EFF4635}.Release|Any CPU.Build.0 = Release
	EndGlobalSection
	GlobalSection(SolutionProperties) = preSolution
		HideSolutionNode = FALSE
	EndGlobalSection
	GlobalSection(ExtensibilityGlobals) = postSolution
		SolutionGuid = {0BDA7D24-5214-4DA8-94E9-1D58A53F6FBB}
	EndGlobalSection
EndGlobal
